
Microsoft Visual Studio Solution File, Format Version 12.00
# Visual Studio 2013
VisualStudioVersion = 12.0.21005.1
MinimumVisualStudioVersion = 10.0.40219.1
Project("{E24C65DC-7377-472B-9ABA-BC803B73C61A}") = "506_MocioiAndreiAdonis_InstantAngaj(1)", ".", "{C87167E5-74A1-4087-BD26-9EE71EF69EC0}"
	ProjectSection(WebsiteProperties) = preProject
		TargetFrameworkMoniker = ".NETFramework,Version%3Dv4.5"
		Debug.AspNetCompiler.VirtualPath = "/Ingineria-Programarii"
		Debug.AspNetCompiler.PhysicalPath = "..\506_MocioiAndreiAdonis_InstantAngaj\"
		Debug.AspNetCompiler.TargetPath = "PrecompiledWeb\Ingineria-Programarii\"
		Debug.AspNetCompiler.Updateable = "true"
		Debug.AspNetCompiler.ForceOverwrite = "true"
		Debug.AspNetCompiler.FixedNames = "false"
		Debug.AspNetCompiler.Debug = "True"
		Release.AspNetCompiler.VirtualPath = "/Ingineria-Programarii"
		Release.AspNetCompiler.PhysicalPath = "..\506_MocioiAndreiAdonis_InstantAngaj\"
		Release.AspNetCompiler.TargetPath = "PrecompiledWeb\Ingineria-Programarii\"
		Release.AspNetCompiler.Updateable = "true"
		Release.AspNetCompiler.ForceOverwrite = "true"
		Release.AspNetCompiler.FixedNames = "false"
		Release.AspNetCompiler.Debug = "False"
		VWDPort = "17245"
		SlnRelativePath = "..\506_MocioiAndreiAdonis_InstantAngaj\"
	EndProjectSection
EndProject
Global
	GlobalSection(SolutionConfigurationPlatforms) = preSolution
		Debug|Any CPU = Debug|Any CPU
	EndGlobalSection
	GlobalSection(ProjectConfigurationPlatforms) = postSolution
		{C87167E5-74A1-4087-BD26-9EE71EF69EC0}.Debug|Any CPU.ActiveCfg = Debug|Any CPU
		{C87167E5-74A1-4087-BD26-9EE71EF69EC0}.Debug|Any CPU.Build.0 = Debug|Any CPU
	EndGlobalSection
	GlobalSection(SolutionProperties) = preSolution
		HideSolutionNode = FALSE
	EndGlobalSection
EndGlobal
